
Microsoft Visual Studio Solution File, Format Version 12.00
Project("{FAE04EC0-301F-11D3-BF4B-00C04F79EFBC}") = "MentorAI.API", "MentorAI.API\MentorAI.API.csproj", "{5BC8B35C-B977-4962-BBF2-EDD09512659D}"
EndProject
Project("{FAE04EC0-301F-11D3-BF4B-00C04F79EFBC}") = "MentorAI.Domain", "MentorAI.Domain\MentorAI.Domain.csproj", "{69F52BA1-80EF-4226-8E85-65EA58B82957}"
EndProject
Project("{FAE04EC0-301F-11D3-BF4B-00C04F79EFBC}") = "MentorAI.Infrastructure", "MentorAI.Infrastructure\MentorAI.Infrastructure.csproj", "{88579D2B-9046-493E-8382-4D32C9BBB877}"
EndProject
Project("{FAE04EC0-301F-11D3-BF4B-00C04F79EFBC}") = "MentorAI.Application", "MentorAI.Application\MentorAI.Application.csproj", "{2D922AAB-9D0F-4A4E-89F2-1830F4131161}"
EndProject
Project("{2150E333-8FDC-42A3-9474-1A3956D46DE8}") = "src", "src", "{33A1CE59-4632-425C-AC6E-A5C9E9FF8DEB}"
EndProject
Project("{2150E333-8FDC-42A3-9474-1A3956D46DE8}") = "tests", "tests", "{F7A9761F-966C-4482-A5D4-979EEB58A601}"
EndProject
Project("{FAE04EC0-301F-11D3-BF4B-00C04F79EFBC}") = "MentorAI.API.Tests", "MentorAI.API.Tests\MentorAI.API.Tests.csproj", "{2852C3ED-0EFC-42A3-B90F-03950A3046C7}"
EndProject
Global
	GlobalSection(SolutionConfigurationPlatforms) = preSolution
		Debug|Any CPU = Debug|Any CPU
		Release|Any CPU = Release|Any CPU
	EndGlobalSection
	GlobalSection(ProjectConfigurationPlatforms) = postSolution
		{5BC8B35C-B977-4962-BBF2-EDD09512659D}.Debug|Any CPU.ActiveCfg = Debug|Any CPU
		{5BC8B35C-B977-4962-BBF2-EDD09512659D}.Debug|Any CPU.Build.0 = Debug|Any CPU
		{5BC8B35C-B977-4962-BBF2-EDD09512659D}.Release|Any CPU.ActiveCfg = Release|Any CPU
		{5BC8B35C-B977-4962-BBF2-EDD09512659D}.Release|Any CPU.Build.0 = Release|Any CPU
		{69F52BA1-80EF-4226-8E85-65EA58B82957}.Debug|Any CPU.ActiveCfg = Debug|Any CPU
		{69F52BA1-80EF-4226-8E85-65EA58B82957}.Debug|Any CPU.Build.0 = Debug|Any CPU
		{69F52BA1-80EF-4226-8E85-65EA58B82957}.Release|Any CPU.ActiveCfg = Release|Any CPU
		{69F52BA1-80EF-4226-8E85-65EA58B82957}.Release|Any CPU.Build.0 = Release|Any CPU
		{88579D2B-9046-493E-8382-4D32C9BBB877}.Debug|Any CPU.ActiveCfg = Debug|Any CPU
		{88579D2B-9046-493E-8382-4D32C9BBB877}.Debug|Any CPU.Build.0 = Debug|Any CPU
		{88579D2B-9046-493E-8382-4D32C9BBB877}.Release|Any CPU.ActiveCfg = Release|Any CPU
		{88579D2B-9046-493E-8382-4D32C9BBB877}.Release|Any CPU.Build.0 = Release|Any CPU
		{2D922AAB-9D0F-4A4E-89F2-1830F4131161}.Debug|Any CPU.ActiveCfg = Debug|Any CPU
		{2D922AAB-9D0F-4A4E-89F2-1830F4131161}.Debug|Any CPU.Build.0 = Debug|Any CPU
		{2D922AAB-9D0F-4A4E-89F2-1830F4131161}.Release|Any CPU.ActiveCfg = Release|Any CPU
		{2D922AAB-9D0F-4A4E-89F2-1830F4131161}.Release|Any CPU.Build.0 = Release|Any CPU
		{2852C3ED-0EFC-42A3-B90F-03950A3046C7}.Debug|Any CPU.ActiveCfg = Debug|Any CPU
		{2852C3ED-0EFC-42A3-B90F-03950A3046C7}.Debug|Any CPU.Build.0 = Debug|Any CPU
		{2852C3ED-0EFC-42A3-B90F-03950A3046C7}.Release|Any CPU.ActiveCfg = Release|Any CPU
		{2852C3ED-0EFC-42A3-B90F-03950A3046C7}.Release|Any CPU.Build.0 = Release|Any CPU
	EndGlobalSection
	GlobalSection(NestedProjects) = preSolution
		{5BC8B35C-B977-4962-BBF2-EDD09512659D} = {33A1CE59-4632-425C-AC6E-A5C9E9FF8DEB}
		{2D922AAB-9D0F-4A4E-89F2-1830F4131161} = {33A1CE59-4632-425C-AC6E-A5C9E9FF8DEB}
		{69F52BA1-80EF-4226-8E85-65EA58B82957} = {33A1CE59-4632-425C-AC6E-A5C9E9FF8DEB}
		{88579D2B-9046-493E-8382-4D32C9BBB877} = {33A1CE59-4632-425C-AC6E-A5C9E9FF8DEB}
		{2852C3ED-0EFC-42A3-B90F-03950A3046C7} = {F7A9761F-966C-4482-A5D4-979EEB58A601}
	EndGlobalSection
EndGlobal
